// !$*UTF8*$!
{
	archiveVersion = 1;
	classes = {
	};
	objectVersion = 51;
	objects = {

/* Begin PBXBuildFile section */
		3709390024512C47001942C0 /* NewExpenseViewController.swift in Sources */ = {isa = PBXBuildFile; fileRef = 370938FF24512C47001942C0 /* NewExpenseViewController.swift */; };
		3709390224512EA5001942C0 /* MainWireFrame.swift in Sources */ = {isa = PBXBuildFile; fileRef = 3709390124512EA5001942C0 /* MainWireFrame.swift */; };
		3709390424512ED0001942C0 /* NewExpenseWireFrame.swift in Sources */ = {isa = PBXBuildFile; fileRef = 3709390324512ED0001942C0 /* NewExpenseWireFrame.swift */; };
		3709390624512FB7001942C0 /* SessionHelper.swift in Sources */ = {isa = PBXBuildFile; fileRef = 3709390524512FB7001942C0 /* SessionHelper.swift */; };
		37093908245134DC001942C0 /* NewExpensePresenter.swift in Sources */ = {isa = PBXBuildFile; fileRef = 37093907245134DC001942C0 /* NewExpensePresenter.swift */; };
		370E80B1245A676B009E31AB /* NewExpense.swift in Sources */ = {isa = PBXBuildFile; fileRef = 370E80B0245A676B009E31AB /* NewExpense.swift */; };
		370E80B3245A680D009E31AB /* MessageResponse.swift in Sources */ = {isa = PBXBuildFile; fileRef = 370E80B2245A680D009E31AB /* MessageResponse.swift */; };
		370E80B5245A6BE1009E31AB /* ExpensesRepository.swift in Sources */ = {isa = PBXBuildFile; fileRef = 370E80B4245A6BE1009E31AB /* ExpensesRepository.swift */; };
		3711EAFC245E6C570058A550 /* Expense.swift in Sources */ = {isa = PBXBuildFile; fileRef = 3711EAFB245E6C570058A550 /* Expense.swift */; };
		371C8ABD2453C7D70039329A /* Account.swift in Sources */ = {isa = PBXBuildFile; fileRef = 371C8ABC2453C7D70039329A /* Account.swift */; };
		371C8ABF2453C88F0039329A /* Currency.swift in Sources */ = {isa = PBXBuildFile; fileRef = 371C8ABE2453C88F0039329A /* Currency.swift */; };
		371C8AC12453C8FF0039329A /* Category.swift in Sources */ = {isa = PBXBuildFile; fileRef = 371C8AC02453C8FF0039329A /* Category.swift */; };
		371C8AC32453CAE60039329A /* Provider.swift in Sources */ = {isa = PBXBuildFile; fileRef = 371C8AC22453CAE60039329A /* Provider.swift */; };
		371C8AC52453CBBA0039329A /* AccountRepository.swift in Sources */ = {isa = PBXBuildFile; fileRef = 371C8AC42453CBBA0039329A /* AccountRepository.swift */; };
		371C8AC72453CEA60039329A /* CategoriesRepository.swift in Sources */ = {isa = PBXBuildFile; fileRef = 371C8AC62453CEA60039329A /* CategoriesRepository.swift */; };
		371C8ACA2453D0230039329A /* ProvidersRepository.swift in Sources */ = {isa = PBXBuildFile; fileRef = 371C8AC92453D0230039329A /* ProvidersRepository.swift */; };
		371C8ACE24549DB10039329A /* SelectorTableViewCell.swift in Sources */ = {isa = PBXBuildFile; fileRef = 371C8ACC24549DB10039329A /* SelectorTableViewCell.swift */; };
		371C8ACF24549DB10039329A /* SelectorTableViewCell.xib in Resources */ = {isa = PBXBuildFile; fileRef = 371C8ACD24549DB10039329A /* SelectorTableViewCell.xib */; };
		371C8AD124549DE30039329A /* SelectorViewController.storyboard in Resources */ = {isa = PBXBuildFile; fileRef = 371C8AD024549DE30039329A /* SelectorViewController.storyboard */; };
		371C8AD324549E000039329A /* SelectorViewController.swift in Sources */ = {isa = PBXBuildFile; fileRef = 371C8AD224549E000039329A /* SelectorViewController.swift */; };
		3746270D245D1421004C9719 /* ExpenseTableViewCell.swift in Sources */ = {isa = PBXBuildFile; fileRef = 3746270B245D1421004C9719 /* ExpenseTableViewCell.swift */; };
		3746270E245D1421004C9719 /* ExpenseTableViewCell.xib in Resources */ = {isa = PBXBuildFile; fileRef = 3746270C245D1421004C9719 /* ExpenseTableViewCell.xib */; };
		376952BC2447D319006D7AE5 /* AppDelegate.swift in Sources */ = {isa = PBXBuildFile; fileRef = 376952BB2447D319006D7AE5 /* AppDelegate.swift */; };
		376952BE2447D319006D7AE5 /* SceneDelegate.swift in Sources */ = {isa = PBXBuildFile; fileRef = 376952BD2447D319006D7AE5 /* SceneDelegate.swift */; };
		376952C02447D319006D7AE5 /* LoginViewController.swift in Sources */ = {isa = PBXBuildFile; fileRef = 376952BF2447D319006D7AE5 /* LoginViewController.swift */; };
		376952C32447D319006D7AE5 /* LoginViewController.storyboard in Resources */ = {isa = PBXBuildFile; fileRef = 376952C12447D319006D7AE5 /* LoginViewController.storyboard */; };
		376952C52447D31B006D7AE5 /* Assets.xcassets in Resources */ = {isa = PBXBuildFile; fileRef = 376952C42447D31B006D7AE5 /* Assets.xcassets */; };
		376952C82447D31B006D7AE5 /* LaunchScreen.storyboard in Resources */ = {isa = PBXBuildFile; fileRef = 376952C62447D31B006D7AE5 /* LaunchScreen.storyboard */; };
		379D09142457EF61008EDBA5 /* NewExpenseViewController.storyboard in Resources */ = {isa = PBXBuildFile; fileRef = 379D09132457EF61008EDBA5 /* NewExpenseViewController.storyboard */; };
		379D09162457FDB7008EDBA5 /* HomeViewController.storyboard in Resources */ = {isa = PBXBuildFile; fileRef = 379D09152457FDB7008EDBA5 /* HomeViewController.storyboard */; };
		379D09182457FE0E008EDBA5 /* HomeViewController.swift in Sources */ = {isa = PBXBuildFile; fileRef = 379D09172457FE0E008EDBA5 /* HomeViewController.swift */; };
		379D091A2457FEF3008EDBA5 /* HomeWireFrame.swift in Sources */ = {isa = PBXBuildFile; fileRef = 379D09192457FEF3008EDBA5 /* HomeWireFrame.swift */; };
		379D091C2458002A008EDBA5 /* HomePresenter.swift in Sources */ = {isa = PBXBuildFile; fileRef = 379D091B2458002A008EDBA5 /* HomePresenter.swift */; };
		37A7431824549ED4000AEE98 /* SelectorWireFrame.swift in Sources */ = {isa = PBXBuildFile; fileRef = 37A7431724549ED4000AEE98 /* SelectorWireFrame.swift */; };
		37A7431A2454A09B000AEE98 /* AccountSelectorPresenter.swift in Sources */ = {isa = PBXBuildFile; fileRef = 37A743192454A09A000AEE98 /* AccountSelectorPresenter.swift */; };
		37A7431C2454A1B8000AEE98 /* CategorySelectorPresenter.swift in Sources */ = {isa = PBXBuildFile; fileRef = 37A7431B2454A1B8000AEE98 /* CategorySelectorPresenter.swift */; };
		37A7431E2454A1C9000AEE98 /* ProviderSelectorPresenter.swift in Sources */ = {isa = PBXBuildFile; fileRef = 37A7431D2454A1C9000AEE98 /* ProviderSelectorPresenter.swift */; };
		37C30268244A193B00567703 /* HttpRequestBuilder.swift in Sources */ = {isa = PBXBuildFile; fileRef = 37C30267244A193B00567703 /* HttpRequestBuilder.swift */; };
		37C3026A244A196B00567703 /* ErrorResponse.swift in Sources */ = {isa = PBXBuildFile; fileRef = 37C30269244A196B00567703 /* ErrorResponse.swift */; };
		37C3026C244A199300567703 /* NetworkRequestManager.swift in Sources */ = {isa = PBXBuildFile; fileRef = 37C3026B244A199300567703 /* NetworkRequestManager.swift */; };
		37C3026E244A19C200567703 /* BaseRepository.swift in Sources */ = {isa = PBXBuildFile; fileRef = 37C3026D244A19C200567703 /* BaseRepository.swift */; };
		37C30270244A1A0900567703 /* HttpManager.swift in Sources */ = {isa = PBXBuildFile; fileRef = 37C3026F244A1A0900567703 /* HttpManager.swift */; };
		37C30274244A1AD200567703 /* ApiRequestBuilder.swift in Sources */ = {isa = PBXBuildFile; fileRef = 37C30273244A1AD200567703 /* ApiRequestBuilder.swift */; };
		37C30276244A1AE000567703 /* ApiUrls.swift in Sources */ = {isa = PBXBuildFile; fileRef = 37C30275244A1AE000567703 /* ApiUrls.swift */; };
		37C30278244A1AEE00567703 /* LoginResponse.swift in Sources */ = {isa = PBXBuildFile; fileRef = 37C30277244A1AEE00567703 /* LoginResponse.swift */; };
		37C3027A244A1AFE00567703 /* User.swift in Sources */ = {isa = PBXBuildFile; fileRef = 37C30279244A1AFE00567703 /* User.swift */; };
		37C3027C244A258900567703 /* AuthRepository.swift in Sources */ = {isa = PBXBuildFile; fileRef = 37C3027B244A258900567703 /* AuthRepository.swift */; };
		37E6EB7A244E3907004D6C1B /* LoginPresenter.swift in Sources */ = {isa = PBXBuildFile; fileRef = 37E6EB79244E3907004D6C1B /* LoginPresenter.swift */; };
		37E6EB7C244E4108004D6C1B /* LoginWireFrame.swift in Sources */ = {isa = PBXBuildFile; fileRef = 37E6EB7B244E4108004D6C1B /* LoginWireFrame.swift */; };
		37E6EB80244E7536004D6C1B /* MainViewController.swift in Sources */ = {isa = PBXBuildFile; fileRef = 37E6EB7F244E7536004D6C1B /* MainViewController.swift */; };
		77978A26169714C582E321AB /* Pods_expenses.framework in Frameworks */ = {isa = PBXBuildFile; fileRef = 90D42B2E18E4C178E084D187 /* Pods_expenses.framework */; };
/* End PBXBuildFile section */

/* Begin PBXFileReference section */
		0D1835690569A459C056A620 /* Pods-expenses.debug.xcconfig */ = {isa = PBXFileReference; includeInIndex = 1; lastKnownFileType = text.xcconfig; name = "Pods-expenses.debug.xcconfig"; path = "Target Support Files/Pods-expenses/Pods-expenses.debug.xcconfig"; sourceTree = "<group>"; };
		23BA6CCC15F2800C07F1C853 /* Pods-expenses.release.xcconfig */ = {isa = PBXFileReference; includeInIndex = 1; lastKnownFileType = text.xcconfig; name = "Pods-expenses.release.xcconfig"; path = "Target Support Files/Pods-expenses/Pods-expenses.release.xcconfig"; sourceTree = "<group>"; };
		370938FF24512C47001942C0 /* NewExpenseViewController.swift */ = {isa = PBXFileReference; lastKnownFileType = sourcecode.swift; path = NewExpenseViewController.swift; sourceTree = "<group>"; };
		3709390124512EA5001942C0 /* MainWireFrame.swift */ = {isa = PBXFileReference; lastKnownFileType = sourcecode.swift; path = MainWireFrame.swift; sourceTree = "<group>"; };
		3709390324512ED0001942C0 /* NewExpenseWireFrame.swift */ = {isa = PBXFileReference; lastKnownFileType = sourcecode.swift; path = NewExpenseWireFrame.swift; sourceTree = "<group>"; };
		3709390524512FB7001942C0 /* SessionHelper.swift */ = {isa = PBXFileReference; lastKnownFileType = sourcecode.swift; path = SessionHelper.swift; sourceTree = "<group>"; };
		37093907245134DC001942C0 /* NewExpensePresenter.swift */ = {isa = PBXFileReference; lastKnownFileType = sourcecode.swift; path = NewExpensePresenter.swift; sourceTree = "<group>"; };
		370E80B0245A676B009E31AB /* NewExpense.swift */ = {isa = PBXFileReference; lastKnownFileType = sourcecode.swift; path = NewExpense.swift; sourceTree = "<group>"; };
		370E80B2245A680D009E31AB /* MessageResponse.swift */ = {isa = PBXFileReference; lastKnownFileType = sourcecode.swift; path = MessageResponse.swift; sourceTree = "<group>"; };
		370E80B4245A6BE1009E31AB /* ExpensesRepository.swift */ = {isa = PBXFileReference; lastKnownFileType = sourcecode.swift; path = ExpensesRepository.swift; sourceTree = "<group>"; };
		3711EAFB245E6C570058A550 /* Expense.swift */ = {isa = PBXFileReference; lastKnownFileType = sourcecode.swift; path = Expense.swift; sourceTree = "<group>"; };
		371C8ABC2453C7D70039329A /* Account.swift */ = {isa = PBXFileReference; lastKnownFileType = sourcecode.swift; path = Account.swift; sourceTree = "<group>"; };
		371C8ABE2453C88F0039329A /* Currency.swift */ = {isa = PBXFileReference; lastKnownFileType = sourcecode.swift; path = Currency.swift; sourceTree = "<group>"; };
		371C8AC02453C8FF0039329A /* Category.swift */ = {isa = PBXFileReference; lastKnownFileType = sourcecode.swift; path = Category.swift; sourceTree = "<group>"; };
		371C8AC22453CAE60039329A /* Provider.swift */ = {isa = PBXFileReference; lastKnownFileType = sourcecode.swift; path = Provider.swift; sourceTree = "<group>"; };
		371C8AC42453CBBA0039329A /* AccountRepository.swift */ = {isa = PBXFileReference; lastKnownFileType = sourcecode.swift; path = AccountRepository.swift; sourceTree = "<group>"; };
		371C8AC62453CEA60039329A /* CategoriesRepository.swift */ = {isa = PBXFileReference; lastKnownFileType = sourcecode.swift; path = CategoriesRepository.swift; sourceTree = "<group>"; };
		371C8AC92453D0230039329A /* ProvidersRepository.swift */ = {isa = PBXFileReference; lastKnownFileType = sourcecode.swift; path = ProvidersRepository.swift; sourceTree = "<group>"; };
		371C8ACC24549DB10039329A /* SelectorTableViewCell.swift */ = {isa = PBXFileReference; lastKnownFileType = sourcecode.swift; path = SelectorTableViewCell.swift; sourceTree = "<group>"; };
		371C8ACD24549DB10039329A /* SelectorTableViewCell.xib */ = {isa = PBXFileReference; lastKnownFileType = file.xib; path = SelectorTableViewCell.xib; sourceTree = "<group>"; };
		371C8AD024549DE30039329A /* SelectorViewController.storyboard */ = {isa = PBXFileReference; lastKnownFileType = file.storyboard; path = SelectorViewController.storyboard; sourceTree = "<group>"; };
		371C8AD224549E000039329A /* SelectorViewController.swift */ = {isa = PBXFileReference; lastKnownFileType = sourcecode.swift; path = SelectorViewController.swift; sourceTree = "<group>"; };
		3746270B245D1421004C9719 /* ExpenseTableViewCell.swift */ = {isa = PBXFileReference; lastKnownFileType = sourcecode.swift; path = ExpenseTableViewCell.swift; sourceTree = "<group>"; };
		3746270C245D1421004C9719 /* ExpenseTableViewCell.xib */ = {isa = PBXFileReference; lastKnownFileType = file.xib; path = ExpenseTableViewCell.xib; sourceTree = "<group>"; };
		376952B82447D319006D7AE5 /* expenses.app */ = {isa = PBXFileReference; explicitFileType = wrapper.application; includeInIndex = 0; path = expenses.app; sourceTree = BUILT_PRODUCTS_DIR; };
		376952BB2447D319006D7AE5 /* AppDelegate.swift */ = {isa = PBXFileReference; lastKnownFileType = sourcecode.swift; path = AppDelegate.swift; sourceTree = "<group>"; };
		376952BD2447D319006D7AE5 /* SceneDelegate.swift */ = {isa = PBXFileReference; lastKnownFileType = sourcecode.swift; path = SceneDelegate.swift; sourceTree = "<group>"; };
		376952BF2447D319006D7AE5 /* LoginViewController.swift */ = {isa = PBXFileReference; lastKnownFileType = sourcecode.swift; path = LoginViewController.swift; sourceTree = "<group>"; };
		376952C22447D319006D7AE5 /* Base */ = {isa = PBXFileReference; lastKnownFileType = file.storyboard; name = Base; path = Base.lproj/LoginViewController.storyboard; sourceTree = "<group>"; };
		376952C42447D31B006D7AE5 /* Assets.xcassets */ = {isa = PBXFileReference; lastKnownFileType = folder.assetcatalog; path = Assets.xcassets; sourceTree = "<group>"; };
		376952C72447D31B006D7AE5 /* Base */ = {isa = PBXFileReference; lastKnownFileType = file.storyboard; name = Base; path = Base.lproj/LaunchScreen.storyboard; sourceTree = "<group>"; };
		376952C92447D31B006D7AE5 /* Info.plist */ = {isa = PBXFileReference; lastKnownFileType = text.plist.xml; path = Info.plist; sourceTree = "<group>"; };
		379D09132457EF61008EDBA5 /* NewExpenseViewController.storyboard */ = {isa = PBXFileReference; fileEncoding = 4; lastKnownFileType = file.storyboard; path = NewExpenseViewController.storyboard; sourceTree = "<group>"; };
		379D09152457FDB7008EDBA5 /* HomeViewController.storyboard */ = {isa = PBXFileReference; lastKnownFileType = file.storyboard; path = HomeViewController.storyboard; sourceTree = "<group>"; };
		379D09172457FE0E008EDBA5 /* HomeViewController.swift */ = {isa = PBXFileReference; lastKnownFileType = sourcecode.swift; path = HomeViewController.swift; sourceTree = "<group>"; };
		379D09192457FEF3008EDBA5 /* HomeWireFrame.swift */ = {isa = PBXFileReference; lastKnownFileType = sourcecode.swift; path = HomeWireFrame.swift; sourceTree = "<group>"; };
		379D091B2458002A008EDBA5 /* HomePresenter.swift */ = {isa = PBXFileReference; lastKnownFileType = sourcecode.swift; path = HomePresenter.swift; sourceTree = "<group>"; };
		37A7431724549ED4000AEE98 /* SelectorWireFrame.swift */ = {isa = PBXFileReference; lastKnownFileType = sourcecode.swift; path = SelectorWireFrame.swift; sourceTree = "<group>"; };
		37A743192454A09A000AEE98 /* AccountSelectorPresenter.swift */ = {isa = PBXFileReference; lastKnownFileType = sourcecode.swift; path = AccountSelectorPresenter.swift; sourceTree = "<group>"; };
		37A7431B2454A1B8000AEE98 /* CategorySelectorPresenter.swift */ = {isa = PBXFileReference; lastKnownFileType = sourcecode.swift; path = CategorySelectorPresenter.swift; sourceTree = "<group>"; };
		37A7431D2454A1C9000AEE98 /* ProviderSelectorPresenter.swift */ = {isa = PBXFileReference; lastKnownFileType = sourcecode.swift; path = ProviderSelectorPresenter.swift; sourceTree = "<group>"; };
		37C30267244A193B00567703 /* HttpRequestBuilder.swift */ = {isa = PBXFileReference; lastKnownFileType = sourcecode.swift; path = HttpRequestBuilder.swift; sourceTree = "<group>"; };
		37C30269244A196B00567703 /* ErrorResponse.swift */ = {isa = PBXFileReference; lastKnownFileType = sourcecode.swift; path = ErrorResponse.swift; sourceTree = "<group>"; };
		37C3026B244A199300567703 /* NetworkRequestManager.swift */ = {isa = PBXFileReference; lastKnownFileType = sourcecode.swift; path = NetworkRequestManager.swift; sourceTree = "<group>"; };
		37C3026D244A19C200567703 /* BaseRepository.swift */ = {isa = PBXFileReference; lastKnownFileType = sourcecode.swift; path = BaseRepository.swift; sourceTree = "<group>"; };
		37C3026F244A1A0900567703 /* HttpManager.swift */ = {isa = PBXFileReference; lastKnownFileType = sourcecode.swift; path = HttpManager.swift; sourceTree = "<group>"; };
		37C30273244A1AD200567703 /* ApiRequestBuilder.swift */ = {isa = PBXFileReference; lastKnownFileType = sourcecode.swift; path = ApiRequestBuilder.swift; sourceTree = "<group>"; };
		37C30275244A1AE000567703 /* ApiUrls.swift */ = {isa = PBXFileReference; lastKnownFileType = sourcecode.swift; path = ApiUrls.swift; sourceTree = "<group>"; };
		37C30277244A1AEE00567703 /* LoginResponse.swift */ = {isa = PBXFileReference; lastKnownFileType = sourcecode.swift; path = LoginResponse.swift; sourceTree = "<group>"; };
		37C30279244A1AFE00567703 /* User.swift */ = {isa = PBXFileReference; lastKnownFileType = sourcecode.swift; path = User.swift; sourceTree = "<group>"; };
		37C3027B244A258900567703 /* AuthRepository.swift */ = {isa = PBXFileReference; lastKnownFileType = sourcecode.swift; path = AuthRepository.swift; sourceTree = "<group>"; };
		37E6EB79244E3907004D6C1B /* LoginPresenter.swift */ = {isa = PBXFileReference; lastKnownFileType = sourcecode.swift; path = LoginPresenter.swift; sourceTree = "<group>"; };
		37E6EB7B244E4108004D6C1B /* LoginWireFrame.swift */ = {isa = PBXFileReference; lastKnownFileType = sourcecode.swift; path = LoginWireFrame.swift; sourceTree = "<group>"; };
		37E6EB7F244E7536004D6C1B /* MainViewController.swift */ = {isa = PBXFileReference; lastKnownFileType = sourcecode.swift; path = MainViewController.swift; sourceTree = "<group>"; };
		90D42B2E18E4C178E084D187 /* Pods_expenses.framework */ = {isa = PBXFileReference; explicitFileType = wrapper.framework; includeInIndex = 0; path = Pods_expenses.framework; sourceTree = BUILT_PRODUCTS_DIR; };
/* End PBXFileReference section */

/* Begin PBXFrameworksBuildPhase section */
		376952B52447D319006D7AE5 /* Frameworks */ = {
			isa = PBXFrameworksBuildPhase;
			buildActionMask = 2147483647;
			files = (
				77978A26169714C582E321AB /* Pods_expenses.framework in Frameworks */,
			);
			runOnlyForDeploymentPostprocessing = 0;
		};
/* End PBXFrameworksBuildPhase section */

/* Begin PBXGroup section */
		0856774710D9F78EF40451A6 /* Frameworks */ = {
			isa = PBXGroup;
			children = (
				90D42B2E18E4C178E084D187 /* Pods_expenses.framework */,
			);
			name = Frameworks;
			sourceTree = "<group>";
		};
		370938FC24512BEB001942C0 /* Helpers */ = {
			isa = PBXGroup;
			children = (
				3709390524512FB7001942C0 /* SessionHelper.swift */,
			);
			path = Helpers;
			sourceTree = "<group>";
		};
		371C8ACB2453D1510039329A /* Views */ = {
			isa = PBXGroup;
			children = (
				371C8ACC24549DB10039329A /* SelectorTableViewCell.swift */,
				371C8ACD24549DB10039329A /* SelectorTableViewCell.xib */,
				3746270B245D1421004C9719 /* ExpenseTableViewCell.swift */,
				3746270C245D1421004C9719 /* ExpenseTableViewCell.xib */,
			);
			path = Views;
			sourceTree = "<group>";
		};
		376952AF2447D319006D7AE5 = {
			isa = PBXGroup;
			children = (
				376952BA2447D319006D7AE5 /* expenses */,
				376952B92447D319006D7AE5 /* Products */,
				F74EBC43BD8605031644446A /* Pods */,
				0856774710D9F78EF40451A6 /* Frameworks */,
			);
			sourceTree = "<group>";
		};
		376952B92447D319006D7AE5 /* Products */ = {
			isa = PBXGroup;
			children = (
				376952B82447D319006D7AE5 /* expenses.app */,
			);
			name = Products;
			sourceTree = "<group>";
		};
		376952BA2447D319006D7AE5 /* expenses */ = {
			isa = PBXGroup;
			children = (
				371C8ACB2453D1510039329A /* Views */,
				370938FC24512BEB001942C0 /* Helpers */,
				37E6EB78244E3875004D6C1B /* Wireframe */,
				37E6EB77244E3862004D6C1B /* Presenters */,
				37C30272244A1ABB00567703 /* Repositories */,
				37C30271244A1AB600567703 /* Model */,
				37C30265244A18E000567703 /* Network */,
				376952D12447D47A006D7AE5 /* Supporting Files */,
				376952D02447D35B006D7AE5 /* ViewControllers */,
				376952CF2447D343006D7AE5 /* Storyboards */,
				376952BB2447D319006D7AE5 /* AppDelegate.swift */,
				376952BD2447D319006D7AE5 /* SceneDelegate.swift */,
				376952C42447D31B006D7AE5 /* Assets.xcassets */,
				376952C62447D31B006D7AE5 /* LaunchScreen.storyboard */,
			);
			path = expenses;
			sourceTree = "<group>";
		};
		376952CF2447D343006D7AE5 /* Storyboards */ = {
			isa = PBXGroup;
			children = (
				379D09132457EF61008EDBA5 /* NewExpenseViewController.storyboard */,
				376952C12447D319006D7AE5 /* LoginViewController.storyboard */,
				371C8AD024549DE30039329A /* SelectorViewController.storyboard */,
				379D09152457FDB7008EDBA5 /* HomeViewController.storyboard */,
			);
			path = Storyboards;
			sourceTree = "<group>";
		};
		376952D02447D35B006D7AE5 /* ViewControllers */ = {
			isa = PBXGroup;
			children = (
				376952BF2447D319006D7AE5 /* LoginViewController.swift */,
				37E6EB7F244E7536004D6C1B /* MainViewController.swift */,
				370938FF24512C47001942C0 /* NewExpenseViewController.swift */,
				371C8AD224549E000039329A /* SelectorViewController.swift */,
				379D09172457FE0E008EDBA5 /* HomeViewController.swift */,
			);
			path = ViewControllers;
			sourceTree = "<group>";
		};
		376952D12447D47A006D7AE5 /* Supporting Files */ = {
			isa = PBXGroup;
			children = (
				376952C92447D31B006D7AE5 /* Info.plist */,
			);
			path = "Supporting Files";
			sourceTree = "<group>";
		};
		37C30265244A18E000567703 /* Network */ = {
			isa = PBXGroup;
			children = (
				37C30266244A18E800567703 /* Base */,
				37C30273244A1AD200567703 /* ApiRequestBuilder.swift */,
				37C30275244A1AE000567703 /* ApiUrls.swift */,
				37C30277244A1AEE00567703 /* LoginResponse.swift */,
				370E80B2245A680D009E31AB /* MessageResponse.swift */,
			);
			path = Network;
			sourceTree = "<group>";
		};
		37C30266244A18E800567703 /* Base */ = {
			isa = PBXGroup;
			children = (
				37C3026D244A19C200567703 /* BaseRepository.swift */,
				37C30269244A196B00567703 /* ErrorResponse.swift */,
				37C3026F244A1A0900567703 /* HttpManager.swift */,
				37C30267244A193B00567703 /* HttpRequestBuilder.swift */,
				37C3026B244A199300567703 /* NetworkRequestManager.swift */,
			);
			path = Base;
			sourceTree = "<group>";
		};
		37C30271244A1AB600567703 /* Model */ = {
			isa = PBXGroup;
			children = (
				37C30279244A1AFE00567703 /* User.swift */,
				371C8ABC2453C7D70039329A /* Account.swift */,
				371C8ABE2453C88F0039329A /* Currency.swift */,
				371C8AC02453C8FF0039329A /* Category.swift */,
				371C8AC22453CAE60039329A /* Provider.swift */,
				370E80B0245A676B009E31AB /* NewExpense.swift */,
				3711EAFB245E6C570058A550 /* Expense.swift */,
			);
			path = Model;
			sourceTree = "<group>";
		};
		37C30272244A1ABB00567703 /* Repositories */ = {
			isa = PBXGroup;
			children = (
				37C3027B244A258900567703 /* AuthRepository.swift */,
				371C8AC42453CBBA0039329A /* AccountRepository.swift */,
				371C8AC62453CEA60039329A /* CategoriesRepository.swift */,
				371C8AC92453D0230039329A /* ProvidersRepository.swift */,
				370E80B4245A6BE1009E31AB /* ExpensesRepository.swift */,
			);
			path = Repositories;
			sourceTree = "<group>";
		};
		37E6EB77244E3862004D6C1B /* Presenters */ = {
			isa = PBXGroup;
			children = (
				37E6EB79244E3907004D6C1B /* LoginPresenter.swift */,
				37093907245134DC001942C0 /* NewExpensePresenter.swift */,
				37A743192454A09A000AEE98 /* AccountSelectorPresenter.swift */,
				37A7431B2454A1B8000AEE98 /* CategorySelectorPresenter.swift */,
				37A7431D2454A1C9000AEE98 /* ProviderSelectorPresenter.swift */,
				379D091B2458002A008EDBA5 /* HomePresenter.swift */,
			);
			path = Presenters;
			sourceTree = "<group>";
		};
		37E6EB78244E3875004D6C1B /* Wireframe */ = {
			isa = PBXGroup;
			children = (
				37E6EB7B244E4108004D6C1B /* LoginWireFrame.swift */,
				3709390124512EA5001942C0 /* MainWireFrame.swift */,
				3709390324512ED0001942C0 /* NewExpenseWireFrame.swift */,
				37A7431724549ED4000AEE98 /* SelectorWireFrame.swift */,
				379D09192457FEF3008EDBA5 /* HomeWireFrame.swift */,
			);
			path = Wireframe;
			sourceTree = "<group>";
		};
		F74EBC43BD8605031644446A /* Pods */ = {
			isa = PBXGroup;
			children = (
				0D1835690569A459C056A620 /* Pods-expenses.debug.xcconfig */,
				23BA6CCC15F2800C07F1C853 /* Pods-expenses.release.xcconfig */,
			);
			path = Pods;
			sourceTree = "<group>";
		};
/* End PBXGroup section */

/* Begin PBXNativeTarget section */
		376952B72447D319006D7AE5 /* expenses */ = {
			isa = PBXNativeTarget;
			buildConfigurationList = 376952CC2447D31B006D7AE5 /* Build configuration list for PBXNativeTarget "expenses" */;
			buildPhases = (
				4B8C88583D2C1B81EEF75869 /* [CP] Check Pods Manifest.lock */,
				376952B42447D319006D7AE5 /* Sources */,
				376952B52447D319006D7AE5 /* Frameworks */,
				376952B62447D319006D7AE5 /* Resources */,
				25EDEEE6AD6F05EB8589CE67 /* [CP] Embed Pods Frameworks */,
			);
			buildRules = (
			);
			dependencies = (
			);
			name = expenses;
			productName = expenses;
			productReference = 376952B82447D319006D7AE5 /* expenses.app */;
			productType = "com.apple.product-type.application";
		};
/* End PBXNativeTarget section */

/* Begin PBXProject section */
		376952B02447D319006D7AE5 /* Project object */ = {
			isa = PBXProject;
			attributes = {
				LastSwiftUpdateCheck = 1140;
				LastUpgradeCheck = 1140;
				ORGANIZATIONNAME = "Agustin Décima";
				TargetAttributes = {
					376952B72447D319006D7AE5 = {
						CreatedOnToolsVersion = 11.4;
					};
				};
			};
			buildConfigurationList = 376952B32447D319006D7AE5 /* Build configuration list for PBXProject "expenses" */;
			compatibilityVersion = "Xcode 9.3";
			developmentRegion = en;
			hasScannedForEncodings = 0;
			knownRegions = (
				en,
				Base,
			);
			mainGroup = 376952AF2447D319006D7AE5;
			productRefGroup = 376952B92447D319006D7AE5 /* Products */;
			projectDirPath = "";
			projectRoot = "";
			targets = (
				376952B72447D319006D7AE5 /* expenses */,
			);
		};
/* End PBXProject section */

/* Begin PBXResourcesBuildPhase section */
		376952B62447D319006D7AE5 /* Resources */ = {
			isa = PBXResourcesBuildPhase;
			buildActionMask = 2147483647;
			files = (
				371C8AD124549DE30039329A /* SelectorViewController.storyboard in Resources */,
				376952C82447D31B006D7AE5 /* LaunchScreen.storyboard in Resources */,
				379D09162457FDB7008EDBA5 /* HomeViewController.storyboard in Resources */,
				371C8ACF24549DB10039329A /* SelectorTableViewCell.xib in Resources */,
				3746270E245D1421004C9719 /* ExpenseTableViewCell.xib in Resources */,
				376952C52447D31B006D7AE5 /* Assets.xcassets in Resources */,
				376952C32447D319006D7AE5 /* LoginViewController.storyboard in Resources */,
				379D09142457EF61008EDBA5 /* NewExpenseViewController.storyboard in Resources */,
			);
			runOnlyForDeploymentPostprocessing = 0;
		};
/* End PBXResourcesBuildPhase section */

/* Begin PBXShellScriptBuildPhase section */
		25EDEEE6AD6F05EB8589CE67 /* [CP] Embed Pods Frameworks */ = {
			isa = PBXShellScriptBuildPhase;
			buildActionMask = 2147483647;
			files = (
			);
			inputFileListPaths = (
				"${PODS_ROOT}/Target Support Files/Pods-expenses/Pods-expenses-frameworks-${CONFIGURATION}-input-files.xcfilelist",
			);
			name = "[CP] Embed Pods Frameworks";
			outputFileListPaths = (
				"${PODS_ROOT}/Target Support Files/Pods-expenses/Pods-expenses-frameworks-${CONFIGURATION}-output-files.xcfilelist",
			);
			runOnlyForDeploymentPostprocessing = 0;
			shellPath = /bin/sh;
			shellScript = "\"${PODS_ROOT}/Target Support Files/Pods-expenses/Pods-expenses-frameworks.sh\"\n";
			showEnvVarsInLog = 0;
		};
		4B8C88583D2C1B81EEF75869 /* [CP] Check Pods Manifest.lock */ = {
			isa = PBXShellScriptBuildPhase;
			buildActionMask = 2147483647;
			files = (
			);
			inputFileListPaths = (
			);
			inputPaths = (
				"${PODS_PODFILE_DIR_PATH}/Podfile.lock",
				"${PODS_ROOT}/Manifest.lock",
			);
			name = "[CP] Check Pods Manifest.lock";
			outputFileListPaths = (
			);
			outputPaths = (
				"$(DERIVED_FILE_DIR)/Pods-expenses-checkManifestLockResult.txt",
			);
			runOnlyForDeploymentPostprocessing = 0;
			shellPath = /bin/sh;
			shellScript = "diff \"${PODS_PODFILE_DIR_PATH}/Podfile.lock\" \"${PODS_ROOT}/Manifest.lock\" > /dev/null\nif [ $? != 0 ] ; then\n    # print error to STDERR\n    echo \"error: The sandbox is not in sync with the Podfile.lock. Run 'pod install' or update your CocoaPods installation.\" >&2\n    exit 1\nfi\n# This output is used by Xcode 'outputs' to avoid re-running this script phase.\necho \"SUCCESS\" > \"${SCRIPT_OUTPUT_FILE_0}\"\n";
			showEnvVarsInLog = 0;
		};
/* End PBXShellScriptBuildPhase section */

/* Begin PBXSourcesBuildPhase section */
		376952B42447D319006D7AE5 /* Sources */ = {
			isa = PBXSourcesBuildPhase;
			buildActionMask = 2147483647;
			files = (
				3711EAFC245E6C570058A550 /* Expense.swift in Sources */,
				37C3026A244A196B00567703 /* ErrorResponse.swift in Sources */,
				371C8ABD2453C7D70039329A /* Account.swift in Sources */,
				3746270D245D1421004C9719 /* ExpenseTableViewCell.swift in Sources */,
				37C3026E244A19C200567703 /* BaseRepository.swift in Sources */,
				37A7431824549ED4000AEE98 /* SelectorWireFrame.swift in Sources */,
				37E6EB7A244E3907004D6C1B /* LoginPresenter.swift in Sources */,
				379D09182457FE0E008EDBA5 /* HomeViewController.swift in Sources */,
				376952C02447D319006D7AE5 /* LoginViewController.swift in Sources */,
				371C8ACE24549DB10039329A /* SelectorTableViewCell.swift in Sources */,
				371C8AD324549E000039329A /* SelectorViewController.swift in Sources */,
				37E6EB7C244E4108004D6C1B /* LoginWireFrame.swift in Sources */,
				371C8ACA2453D0230039329A /* ProvidersRepository.swift in Sources */,
				370E80B1245A676B009E31AB /* NewExpense.swift in Sources */,
				37A7431C2454A1B8000AEE98 /* CategorySelectorPresenter.swift in Sources */,
				3709390224512EA5001942C0 /* MainWireFrame.swift in Sources */,
				370E80B5245A6BE1009E31AB /* ExpensesRepository.swift in Sources */,
				37093908245134DC001942C0 /* NewExpensePresenter.swift in Sources */,
				371C8AC32453CAE60039329A /* Provider.swift in Sources */,
				37A7431E2454A1C9000AEE98 /* ProviderSelectorPresenter.swift in Sources */,
				3709390624512FB7001942C0 /* SessionHelper.swift in Sources */,
				379D091C2458002A008EDBA5 /* HomePresenter.swift in Sources */,
				37C30274244A1AD200567703 /* ApiRequestBuilder.swift in Sources */,
				37C30276244A1AE000567703 /* ApiUrls.swift in Sources */,
				3709390024512C47001942C0 /* NewExpenseViewController.swift in Sources */,
				370E80B3245A680D009E31AB /* MessageResponse.swift in Sources */,
				37E6EB80244E7536004D6C1B /* MainViewController.swift in Sources */,
				376952BC2447D319006D7AE5 /* AppDelegate.swift in Sources */,
				371C8AC72453CEA60039329A /* CategoriesRepository.swift in Sources */,
				371C8AC52453CBBA0039329A /* AccountRepository.swift in Sources */,
				371C8ABF2453C88F0039329A /* Currency.swift in Sources */,
				379D091A2457FEF3008EDBA5 /* HomeWireFrame.swift in Sources */,
				37A7431A2454A09B000AEE98 /* AccountSelectorPresenter.swift in Sources */,
				376952BE2447D319006D7AE5 /* SceneDelegate.swift in Sources */,
				3709390424512ED0001942C0 /* NewExpenseWireFrame.swift in Sources */,
				37C3026C244A199300567703 /* NetworkRequestManager.swift in Sources */,
				37C3027A244A1AFE00567703 /* User.swift in Sources */,
				37C30268244A193B00567703 /* HttpRequestBuilder.swift in Sources */,
				37C30278244A1AEE00567703 /* LoginResponse.swift in Sources */,
				37C30270244A1A0900567703 /* HttpManager.swift in Sources */,
				37C3027C244A258900567703 /* AuthRepository.swift in Sources */,
				371C8AC12453C8FF0039329A /* Category.swift in Sources */,
			);
			runOnlyForDeploymentPostprocessing = 0;
		};
/* End PBXSourcesBuildPhase section */

/* Begin PBXVariantGroup section */
		376952C12447D319006D7AE5 /* LoginViewController.storyboard */ = {
			isa = PBXVariantGroup;
			children = (
				376952C22447D319006D7AE5 /* Base */,
			);
			name = LoginViewController.storyboard;
			sourceTree = "<group>";
		};
		376952C62447D31B006D7AE5 /* LaunchScreen.storyboard */ = {
			isa = PBXVariantGroup;
			children = (
				376952C72447D31B006D7AE5 /* Base */,
			);
			name = LaunchScreen.storyboard;
			sourceTree = "<group>";
		};
/* End PBXVariantGroup section */

/* Begin XCBuildConfiguration section */
		376952CA2447D31B006D7AE5 /* Debug */ = {
			isa = XCBuildConfiguration;
			buildSettings = {
				ALWAYS_SEARCH_USER_PATHS = NO;
				CLANG_ANALYZER_NONNULL = YES;
				CLANG_ANALYZER_NUMBER_OBJECT_CONVERSION = YES_AGGRESSIVE;
				CLANG_CXX_LANGUAGE_STANDARD = "gnu++14";
				CLANG_CXX_LIBRARY = "libc++";
				CLANG_ENABLE_MODULES = YES;
				CLANG_ENABLE_OBJC_ARC = YES;
				CLANG_ENABLE_OBJC_WEAK = YES;
				CLANG_WARN_BLOCK_CAPTURE_AUTORELEASING = YES;
				CLANG_WARN_BOOL_CONVERSION = YES;
				CLANG_WARN_COMMA = YES;
				CLANG_WARN_CONSTANT_CONVERSION = YES;
				CLANG_WARN_DEPRECATED_OBJC_IMPLEMENTATIONS = YES;
				CLANG_WARN_DIRECT_OBJC_ISA_USAGE = YES_ERROR;
				CLANG_WARN_DOCUMENTATION_COMMENTS = YES;
				CLANG_WARN_EMPTY_BODY = YES;
				CLANG_WARN_ENUM_CONVERSION = YES;
				CLANG_WARN_INFINITE_RECURSION = YES;
				CLANG_WARN_INT_CONVERSION = YES;
				CLANG_WARN_NON_LITERAL_NULL_CONVERSION = YES;
				CLANG_WARN_OBJC_IMPLICIT_RETAIN_SELF = YES;
				CLANG_WARN_OBJC_LITERAL_CONVERSION = YES;
				CLANG_WARN_OBJC_ROOT_CLASS = YES_ERROR;
				CLANG_WARN_RANGE_LOOP_ANALYSIS = YES;
				CLANG_WARN_STRICT_PROTOTYPES = YES;
				CLANG_WARN_SUSPICIOUS_MOVE = YES;
				CLANG_WARN_UNGUARDED_AVAILABILITY = YES_AGGRESSIVE;
				CLANG_WARN_UNREACHABLE_CODE = YES;
				CLANG_WARN__DUPLICATE_METHOD_MATCH = YES;
				COPY_PHASE_STRIP = NO;
				DEBUG_INFORMATION_FORMAT = dwarf;
				ENABLE_STRICT_OBJC_MSGSEND = YES;
				ENABLE_TESTABILITY = YES;
				GCC_C_LANGUAGE_STANDARD = gnu11;
				GCC_DYNAMIC_NO_PIC = NO;
				GCC_NO_COMMON_BLOCKS = YES;
				GCC_OPTIMIZATION_LEVEL = 0;
				GCC_PREPROCESSOR_DEFINITIONS = (
					"DEBUG=1",
					"$(inherited)",
				);
				GCC_WARN_64_TO_32_BIT_CONVERSION = YES;
				GCC_WARN_ABOUT_RETURN_TYPE = YES_ERROR;
				GCC_WARN_UNDECLARED_SELECTOR = YES;
				GCC_WARN_UNINITIALIZED_AUTOS = YES_AGGRESSIVE;
				GCC_WARN_UNUSED_FUNCTION = YES;
				GCC_WARN_UNUSED_VARIABLE = YES;
				IPHONEOS_DEPLOYMENT_TARGET = 13.4;
				MTL_ENABLE_DEBUG_INFO = INCLUDE_SOURCE;
				MTL_FAST_MATH = YES;
				ONLY_ACTIVE_ARCH = YES;
				SDKROOT = iphoneos;
				SWIFT_ACTIVE_COMPILATION_CONDITIONS = DEBUG;
				SWIFT_OPTIMIZATION_LEVEL = "-Onone";
			};
			name = Debug;
		};
		376952CB2447D31B006D7AE5 /* Release */ = {
			isa = XCBuildConfiguration;
			buildSettings = {
				ALWAYS_SEARCH_USER_PATHS = NO;
				CLANG_ANALYZER_NONNULL = YES;
				CLANG_ANALYZER_NUMBER_OBJECT_CONVERSION = YES_AGGRESSIVE;
				CLANG_CXX_LANGUAGE_STANDARD = "gnu++14";
				CLANG_CXX_LIBRARY = "libc++";
				CLANG_ENABLE_MODULES = YES;
				CLANG_ENABLE_OBJC_ARC = YES;
				CLANG_ENABLE_OBJC_WEAK = YES;
				CLANG_WARN_BLOCK_CAPTURE_AUTORELEASING = YES;
				CLANG_WARN_BOOL_CONVERSION = YES;
				CLANG_WARN_COMMA = YES;
				CLANG_WARN_CONSTANT_CONVERSION = YES;
				CLANG_WARN_DEPRECATED_OBJC_IMPLEMENTATIONS = YES;
				CLANG_WARN_DIRECT_OBJC_ISA_USAGE = YES_ERROR;
				CLANG_WARN_DOCUMENTATION_COMMENTS = YES;
				CLANG_WARN_EMPTY_BODY = YES;
				CLANG_WARN_ENUM_CONVERSION = YES;
				CLANG_WARN_INFINITE_RECURSION = YES;
				CLANG_WARN_INT_CONVERSION = YES;
				CLANG_WARN_NON_LITERAL_NULL_CONVERSION = YES;
				CLANG_WARN_OBJC_IMPLICIT_RETAIN_SELF = YES;
				CLANG_WARN_OBJC_LITERAL_CONVERSION = YES;
				CLANG_WARN_OBJC_ROOT_CLASS = YES_ERROR;
				CLANG_WARN_RANGE_LOOP_ANALYSIS = YES;
				CLANG_WARN_STRICT_PROTOTYPES = YES;
				CLANG_WARN_SUSPICIOUS_MOVE = YES;
				CLANG_WARN_UNGUARDED_AVAILABILITY = YES_AGGRESSIVE;
				CLANG_WARN_UNREACHABLE_CODE = YES;
				CLANG_WARN__DUPLICATE_METHOD_MATCH = YES;
				COPY_PHASE_STRIP = NO;
				DEBUG_INFORMATION_FORMAT = "dwarf-with-dsym";
				ENABLE_NS_ASSERTIONS = NO;
				ENABLE_STRICT_OBJC_MSGSEND = YES;
				GCC_C_LANGUAGE_STANDARD = gnu11;
				GCC_NO_COMMON_BLOCKS = YES;
				GCC_WARN_64_TO_32_BIT_CONVERSION = YES;
				GCC_WARN_ABOUT_RETURN_TYPE = YES_ERROR;
				GCC_WARN_UNDECLARED_SELECTOR = YES;
				GCC_WARN_UNINITIALIZED_AUTOS = YES_AGGRESSIVE;
				GCC_WARN_UNUSED_FUNCTION = YES;
				GCC_WARN_UNUSED_VARIABLE = YES;
				IPHONEOS_DEPLOYMENT_TARGET = 13.4;
				MTL_ENABLE_DEBUG_INFO = NO;
				MTL_FAST_MATH = YES;
				SDKROOT = iphoneos;
				SWIFT_COMPILATION_MODE = wholemodule;
				SWIFT_OPTIMIZATION_LEVEL = "-O";
				VALIDATE_PRODUCT = YES;
			};
			name = Release;
		};
		376952CD2447D31B006D7AE5 /* Debug */ = {
			isa = XCBuildConfiguration;
			baseConfigurationReference = 0D1835690569A459C056A620 /* Pods-expenses.debug.xcconfig */;
			buildSettings = {
				ASSETCATALOG_COMPILER_APPICON_NAME = AppIcon;
				CODE_SIGN_STYLE = Automatic;
				DEVELOPMENT_TEAM = 4A43253R9V;
				INFOPLIST_FILE = "$(SRCROOT)/expenses/Supporting Files/Info.plist";
				IPHONEOS_DEPLOYMENT_TARGET = 13.4;
				LD_RUNPATH_SEARCH_PATHS = (
					"$(inherited)",
					"@executable_path/Frameworks",
				);
				PRODUCT_BUNDLE_IDENTIFIER = com.iconic.expenses;
				PRODUCT_NAME = "$(TARGET_NAME)";
				SWIFT_VERSION = 5.0;
				TARGETED_DEVICE_FAMILY = "1,2";
			};
			name = Debug;
		};
		376952CE2447D31B006D7AE5 /* Release */ = {
			isa = XCBuildConfiguration;
			baseConfigurationReference = 23BA6CCC15F2800C07F1C853 /* Pods-expenses.release.xcconfig */;
			buildSettings = {
				ASSETCATALOG_COMPILER_APPICON_NAME = AppIcon;
				CODE_SIGN_STYLE = Automatic;
				DEVELOPMENT_TEAM = 4A43253R9V;
				INFOPLIST_FILE = "$(SRCROOT)/expenses/Supporting Files/Info.plist";
				IPHONEOS_DEPLOYMENT_TARGET = 13.4;
				LD_RUNPATH_SEARCH_PATHS = (
					"$(inherited)",
					"@executable_path/Frameworks",
				);
				PRODUCT_BUNDLE_IDENTIFIER = com.iconic.expenses;
				PRODUCT_NAME = "$(TARGET_NAME)";
				SWIFT_VERSION = 5.0;
				TARGETED_DEVICE_FAMILY = "1,2";
			};
			name = Release;
		};
/* End XCBuildConfiguration section */

/* Begin XCConfigurationList section */
		376952B32447D319006D7AE5 /* Build configuration list for PBXProject "expenses" */ = {
			isa = XCConfigurationList;
			buildConfigurations = (
				376952CA2447D31B006D7AE5 /* Debug */,
				376952CB2447D31B006D7AE5 /* Release */,
			);
			defaultConfigurationIsVisible = 0;
			defaultConfigurationName = Release;
		};
		376952CC2447D31B006D7AE5 /* Build configuration list for PBXNativeTarget "expenses" */ = {
			isa = XCConfigurationList;
			buildConfigurations = (
				376952CD2447D31B006D7AE5 /* Debug */,
				376952CE2447D31B006D7AE5 /* Release */,
			);
			defaultConfigurationIsVisible = 0;
			defaultConfigurationName = Release;
		};
/* End XCConfigurationList section */
	};
	rootObject = 376952B02447D319006D7AE5 /* Project object */;
}
